// !$*UTF8*$!
{
	archiveVersion = 1;
	classes = {
	};
	objectVersion = 46;
	objects = {

/* Begin PBXBuildFile section */
		CB0BF9311E6C4AB200877BEE /* AppDelegate.swift in Sources */ = {isa = PBXBuildFile; fileRef = CB0BF9301E6C4AB200877BEE /* AppDelegate.swift */; };
		CB0BF9331E6C4AB200877BEE /* ViewController.swift in Sources */ = {isa = PBXBuildFile; fileRef = CB0BF9321E6C4AB200877BEE /* ViewController.swift */; };
		CB0BF9381E6C4AB200877BEE /* Assets.xcassets in Resources */ = {isa = PBXBuildFile; fileRef = CB0BF9371E6C4AB200877BEE /* Assets.xcassets */; };
		CB0BF93B1E6C4AB200877BEE /* LaunchScreen.storyboard in Resources */ = {isa = PBXBuildFile; fileRef = CB0BF9391E6C4AB200877BEE /* LaunchScreen.storyboard */; };
/* End PBXBuildFile section */

/* Begin PBXFileReference section */
		CB0BF92D1E6C4AB200877BEE /* HelloProgramatically.app */ = {isa = PBXFileReference; explicitFileType = wrapper.application; includeInIndex = 0; path = HelloProgramatically.app; sourceTree = BUILT_PRODUCTS_DIR; };
		CB0BF9301E6C4AB200877BEE /* AppDelegate.swift */ = {isa = PBXFileReference; lastKnownFileType = sourcecode.swift; path = AppDelegate.swift; sourceTree = "<group>"; };
		CB0BF9321E6C4AB200877BEE /* ViewController.swift */ = {isa = PBXFileReference; lastKnownFileType = sourcecode.swift; path = ViewController.swift; sourceTree = "<group>"; };
		CB0BF9371E6C4AB200877BEE /* Assets.xcassets */ = {isa = PBXFileReference; lastKnownFileType = folder.assetcatalog; path = Assets.xcassets; sourceTree = "<group>"; };
		CB0BF93A1E6C4AB200877BEE /* Base */ = {isa = PBXFileReference; lastKnownFileType = file.storyboard; name = Base; path = Base.lproj/LaunchScreen.storyboard; sourceTree = "<group>"; };
		CB0BF93C1E6C4AB200877BEE /* Info.plist */ = {isa = PBXFileReference; lastKnownFileType = text.plist.xml; path = Info.plist; sourceTree = "<group>"; };
/* End PBXFileReference section */

/* Begin PBXFrameworksBuildPhase section */
		CB0BF92A1E6C4AB100877BEE /* Frameworks */ = {
			isa = PBXFrameworksBuildPhase;
			buildActionMask = 2147483647;
			files = (
			);
			runOnlyForDeploymentPostprocessing = 0;
		};
/* End PBXFrameworksBuildPhase section */

/* Begin PBXGroup section */
		CB0BF9241E6C4AB100877BEE = {
			isa = PBXGroup;
			children = (
				CB0BF92F1E6C4AB200877BEE /* HelloProgramatically */,
				CB0BF92E1E6C4AB200877BEE /* Products */,
			);
			sourceTree = "<group>";
		};
		CB0BF92E1E6C4AB200877BEE /* Products */ = {
			isa = PBXGroup;
			children = (
				CB0BF92D1E6C4AB200877BEE /* HelloProgramatically.app */,
			);
			name = Products;
			sourceTree = "<group>";
		};
		CB0BF92F1E6C4AB200877BEE /* HelloProgramatically */ = {
			isa = PBXGroup;
			children = (
				CB0BF9301E6C4AB200877BEE /* AppDelegate.swift */,
				CB0BF9321E6C4AB200877BEE /* ViewController.swift */,
				CB0BF9371E6C4AB200877BEE /* Assets.xcassets */,
				CB0BF9391E6C4AB200877BEE /* LaunchScreen.storyboard */,
				CB0BF93C1E6C4AB200877BEE /* Info.plist */,
			);
			path = HelloProgramatically;
			sourceTree = "<group>";
		};
/* End PBXGroup section */

/* Begin PBXNativeTarget section */
		CB0BF92C1E6C4AB100877BEE /* HelloProgramatically */ = {
			isa = PBXNativeTarget;
			buildConfigurationList = CB0BF93F1E6C4AB200877BEE /* Build configuration list for PBXNativeTarget "HelloProgramatically" */;
			buildPhases = (
				CB0BF9291E6C4AB100877BEE /* Sources */,
				CB0BF92A1E6C4AB100877BEE /* Frameworks */,
				CB0BF92B1E6C4AB100877BEE /* Resources */,
			);
			buildRules = (
			);
			dependencies = (
			);
			name = HelloProgramatically;
			productName = HelloProgramatically;
			productReference = CB0BF92D1E6C4AB200877BEE /* HelloProgramatically.app */;
			productType = "com.apple.product-type.application";
		};
/* End PBXNativeTarget section */

/* Begin PBXProject section */
		CB0BF9251E6C4AB100877BEE /* Project object */ = {
			isa = PBXProject;
			attributes = {
				LastSwiftUpdateCheck = 0820;
				LastUpgradeCheck = 0820;
				ORGANIZATIONNAME = Sayem;
				TargetAttributes = {
					CB0BF92C1E6C4AB100877BEE = {
						CreatedOnToolsVersion = 8.2.1;
						ProvisioningStyle = Automatic;
					};
				};
			};
			buildConfigurationList = CB0BF9281E6C4AB100877BEE /* Build configuration list for PBXProject "HelloProgramatically" */;
			compatibilityVersion = "Xcode 3.2";
			developmentRegion = English;
			hasScannedForEncodings = 0;
			knownRegions = (
				en,
				Base,
			);
			mainGroup = CB0BF9241E6C4AB100877BEE;
			productRefGroup = CB0BF92E1E6C4AB200877BEE /* Products */;
			projectDirPath = "";
			projectRoot = "";
			targets = (
				CB0BF92C1E6C4AB100877BEE /* HelloProgramatically */,
			);
		};
/* End PBXProject section */

/* Begin PBXResourcesBuildPhase section */
		CB0BF92B1E6C4AB100877BEE /* Resources */ = {
			isa = PBXResourcesBuildPhase;
			buildActionMask = 2147483647;
			files = (
				CB0BF93B1E6C4AB200877BEE /* LaunchScreen.storyboard in Resources */,
				CB0BF9381E6C4AB200877BEE /* Assets.xcassets in Resources */,
			);
			runOnlyForDeploymentPostprocessing = 0;
		};
/* End PBXResourcesBuildPhase section */

/* Begin PBXSourcesBuildPhase section */
		CB0BF9291E6C4AB100877BEE /* Sources */ = {
			isa = PBXSourcesBuildPhase;
			buildActionMask = 2147483647;
			files = (
				CB0BF9331E6C4AB200877BEE /* ViewController.swift in Sources */,
				CB0BF9311E6C4AB200877BEE /* AppDelegate.swift in Sources */,
			);
			runOnlyForDeploymentPostprocessing = 0;
		};
/* End PBXSourcesBuildPhase section */

/* Begin PBXVariantGroup section */
		CB0BF9391E6C4AB200877BEE /* LaunchScreen.storyboard */ = {
			isa = PBXVariantGroup;
			children = (
				CB0BF93A1E6C4AB200877BEE /* Base */,
			);
			name = LaunchScreen.storyboard;
			sourceTree = "<group>";
		};
/* End PBXVariantGroup section */

/* Begin XCBuildConfiguration section */
		CB0BF93D1E6C4AB200877BEE /* Debug */ = {
			isa = XCBuildConfiguration;
			buildSettings = {
				ALWAYS_SEARCH_USER_PATHS = NO;
				CLANG_ANALYZER_NONNULL = YES;
				CLANG_CXX_LANGUAGE_STANDARD = "gnu++0x";
				CLANG_CXX_LIBRARY = "libc++";
				CLANG_ENABLE_MODULES = YES;
				CLANG_ENABLE_OBJC_ARC = YES;
				CLANG_WARN_BOOL_CONVERSION = YES;
				CLANG_WARN_CONSTANT_CONVERSION = YES;
				CLANG_WARN_DIRECT_OBJC_ISA_USAGE = YES_ERROR;
				CLANG_WARN_DOCUMENTATION_COMMENTS = YES;
				CLANG_WARN_EMPTY_BODY = YES;
				CLANG_WARN_ENUM_CONVERSION = YES;
				CLANG_WARN_INFINITE_RECURSION = YES;
				CLANG_WARN_INT_CONVERSION = YES;
				CLANG_WARN_OBJC_ROOT_CLASS = YES_ERROR;
				CLANG_WARN_SUSPICIOUS_MOVE = YES;
				CLANG_WARN_UNREACHABLE_CODE = YES;
				CLANG_WARN__DUPLICATE_METHOD_MATCH = YES;
				"CODE_SIGN_IDENTITY[sdk=iphoneos*]" = "iPhone Developer";
				COPY_PHASE_STRIP = NO;
				DEBUG_INFORMATION_FORMAT = dwarf;
				ENABLE_STRICT_OBJC_MSGSEND = YES;
				ENABLE_TESTABILITY = YES;
				GCC_C_LANGUAGE_STANDARD = gnu99;
				GCC_DYNAMIC_NO_PIC = NO;
				GCC_NO_COMMON_BLOCKS = YES;
				GCC_OPTIMIZATION_LEVEL = 0;
				GCC_PREPROCESSOR_DEFINITIONS = (
					"DEBUG=1",
					"$(inherited)",
				);
				GCC_WARN_64_TO_32_BIT_CONVERSION = YES;
				GCC_WARN_ABOUT_RETURN_TYPE = YES_ERROR;
				GCC_WARN_UNDECLARED_SELECTOR = YES;
				GCC_WARN_UNINITIALIZED_AUTOS = YES_AGGRESSIVE;
				GCC_WARN_UNUSED_FUNCTION = YES;
				GCC_WARN_UNUSED_VARIABLE = YES;
				IPHONEOS_DEPLOYMENT_TARGET = 10.2;
				MTL_ENABLE_DEBUG_INFO = YES;
				ONLY_ACTIVE_ARCH = YES;
				SDKROOT = iphoneos;
				SWIFT_ACTIVE_COMPILATION_CONDITIONS = DEBUG;
				SWIFT_OPTIMIZATION_LEVEL = "-Onone";
			};
			name = Debug;
		};
		CB0BF93E1E6C4AB200877BEE /* Release */ = {
			isa = XCBuildConfiguration;
			buildSettings = {
				ALWAYS_SEARCH_USER_PATHS = NO;
				CLANG_ANALYZER_NONNULL = YES;
				CLANG_CXX_LANGUAGE_STANDARD = "gnu++0x";
				CLANG_CXX_LIBRARY = "libc++";
				CLANG_ENABLE_MODULES = YES;
				CLANG_ENABLE_OBJC_ARC = YES;
				CLANG_WARN_BOOL_CONVERSION = YES;
				CLANG_WARN_CONSTANT_CONVERSION = YES;
				CLANG_WARN_DIRECT_OBJC_ISA_USAGE = YES_ERROR;
				CLANG_WARN_DOCUMENTATION_COMMENTS = YES;
				CLANG_WARN_EMPTY_BODY = YES;
				CLANG_WARN_ENUM_CONVERSION = YES;
				CLANG_WARN_INFINITE_RECURSION = YES;
				CLANG_WARN_INT_CONVERSION = YES;
				CLANG_WARN_OBJC_ROOT_CLASS = YES_ERROR;
				CLANG_WARN_SUSPICIOUS_MOVE = YES;
				CLANG_WARN_UNREACHABLE_CODE = YES;
				CLANG_WARN__DUPLICATE_METHOD_MATCH = YES;
				"CODE_SIGN_IDENTITY[sdk=iphoneos*]" = "iPhone Developer";
				COPY_PHASE_STRIP = NO;
				DEBUG_INFORMATION_FORMAT = "dwarf-with-dsym";
				ENABLE_NS_ASSERTIONS = NO;
				ENABLE_STRICT_OBJC_MSGSEND = YES;
				GCC_C_LANGUAGE_STANDARD = gnu99;
				GCC_NO_COMMON_BLOCKS = YES;
				GCC_WARN_64_TO_32_BIT_CONVERSION = YES;
				GCC_WARN_ABOUT_RETURN_TYPE = YES_ERROR;
				GCC_WARN_UNDECLARED_SELECTOR = YES;
				GCC_WARN_UNINITIALIZED_AUTOS = YES_AGGRESSIVE;
				GCC_WARN_UNUSED_FUNCTION = YES;
				GCC_WARN_UNUSED_VARIABLE = YES;
				IPHONEOS_DEPLOYMENT_TARGET = 10.2;
				MTL_ENABLE_DEBUG_INFO = NO;
				SDKROOT = iphoneos;
				SWIFT_OPTIMIZATION_LEVEL = "-Owholemodule";
				VALIDATE_PRODUCT = YES;
			};
			name = Release;
		};
		CB0BF9401E6C4AB200877BEE /* Debug */ = {
			isa = XCBuildConfiguration;
			buildSettings = {
				ASSETCATALOG_COMPILER_APPICON_NAME = AppIcon;
				INFOPLIST_FILE = HelloProgramatically/Info.plist;
				LD_RUNPATH_SEARCH_PATHS = "$(inherited) @executable_path/Frameworks";
				PRODUCT_BUNDLE_IDENTIFIER = com.lict.HelloProgramatically;
				PRODUCT_NAME = "$(TARGET_NAME)";
				SWIFT_VERSION = 3.0;
			};
			name = Debug;
		};
		CB0BF9411E6C4AB200877BEE /* Release */ = {
			isa = XCBuildConfiguration;
			buildSettings = {
				ASSETCATALOG_COMPILER_APPICON_NAME = AppIcon;
				INFOPLIST_FILE = HelloProgramatically/Info.plist;
				LD_RUNPATH_SEARCH_PATHS = "$(inherited) @executable_path/Frameworks";
				PRODUCT_BUNDLE_IDENTIFIER = com.lict.HelloProgramatically;
				PRODUCT_NAME = "$(TARGET_NAME)";
				SWIFT_VERSION = 3.0;
			};
			name = Release;
		};
/* End XCBuildConfiguration section */

/* Begin XCConfigurationList section */
		CB0BF9281E6C4AB100877BEE /* Build configuration list for PBXProject "HelloProgramatically" */ = {
			isa = XCConfigurationList;
			buildConfigurations = (
				CB0BF93D1E6C4AB200877BEE /* Debug */,
				CB0BF93E1E6C4AB200877BEE /* Release */,
			);
			defaultConfigurationIsVisible = 0;
			defaultConfigurationName = Release;
		};
		CB0BF93F1E6C4AB200877BEE /* Build configuration list for PBXNativeTarget "HelloProgramatically" */ = {
			isa = XCConfigurationList;
			buildConfigurations = (
				CB0BF9401E6C4AB200877BEE /* Debug */,
				CB0BF9411E6C4AB200877BEE /* Release */,
			);
			defaultConfigurationIsVisible = 0;
		};
/* End XCConfigurationList section */
	};
	rootObject = CB0BF9251E6C4AB100877BEE /* Project object */;
}
